
Microsoft Visual Studio Solution File, Format Version 12.00
# Visual Studio Version 17
VisualStudioVersion = 17.1.32328.378
MinimumVisualStudioVersion = 10.0.40219.1
Project("{2150E333-8FDC-42A3-9474-1A3956D46DE8}") = "src", "src", "{D1D02A3C-CB96-41CC-9A97-CA8AF935DBB8}"
EndProject
Project("{9A19103F-16F7-4668-BE54-9A1E7A4F7556}") = "CommandAPI", "src\CommandAPI\CommandAPI.csproj", "{1895CB85-DAC9-47B3-B570-FE3596852DDE}"
EndProject
Project("{2150E333-8FDC-42A3-9474-1A3956D46DE8}") = "test", "test", "{C080643D-7D8D-4F78-BBD0-68354E116919}"
EndProject
Project("{9A19103F-16F7-4668-BE54-9A1E7A4F7556}") = "CommandAPI.Tests", "test\CommandAPI.Tests\CommandAPI.Tests.csproj", "{3463D40B-D82D-4BAB-9010-A1BFAAD20508}"
EndProject
Global
	GlobalSection(SolutionConfigurationPlatforms) = preSolution
		Debug|Any CPU = Debug|Any CPU
		Release|Any CPU = Release|Any CPU
	EndGlobalSection
	GlobalSection(ProjectConfigurationPlatforms) = postSolution
		{1895CB85-DAC9-47B3-B570-FE3596852DDE}.Debug|Any CPU.ActiveCfg = Debug|Any CPU
		{1895CB85-DAC9-47B3-B570-FE3596852DDE}.Debug|Any CPU.Build.0 = Debug|Any CPU
		{1895CB85-DAC9-47B3-B570-FE3596852DDE}.Release|Any CPU.ActiveCfg = Release|Any CPU
		{1895CB85-DAC9-47B3-B570-FE3596852DDE}.Release|Any CPU.Build.0 = Release|Any CPU
		{3463D40B-D82D-4BAB-9010-A1BFAAD20508}.Debug|Any CPU.ActiveCfg = Debug|Any CPU
		{3463D40B-D82D-4BAB-9010-A1BFAAD20508}.Debug|Any CPU.Build.0 = Debug|Any CPU
		{3463D40B-D82D-4BAB-9010-A1BFAAD20508}.Release|Any CPU.ActiveCfg = Release|Any CPU
		{3463D40B-D82D-4BAB-9010-A1BFAAD20508}.Release|Any CPU.Build.0 = Release|Any CPU
	EndGlobalSection
	GlobalSection(SolutionProperties) = preSolution
		HideSolutionNode = FALSE
	EndGlobalSection
	GlobalSection(NestedProjects) = preSolution
		{1895CB85-DAC9-47B3-B570-FE3596852DDE} = {D1D02A3C-CB96-41CC-9A97-CA8AF935DBB8}
		{3463D40B-D82D-4BAB-9010-A1BFAAD20508} = {C080643D-7D8D-4F78-BBD0-68354E116919}
	EndGlobalSection
	GlobalSection(ExtensibilityGlobals) = postSolution
		SolutionGuid = {845DE0E1-9364-48FB-A42B-89E92AD549E7}
	EndGlobalSection
EndGlobal
